
Microsoft Visual Studio Solution File, Format Version 12.00
# Visual Studio Version 17
VisualStudioVersion = 17.11.35222.181
MinimumVisualStudioVersion = 10.0.40219.1
Project("{FAE04EC0-301F-11D3-BF4B-00C04F79EFBC}") = "tutorial1", "tutorial1\tutorial1.csproj", "{590A4B59-825F-4521-AFBB-F867EE62C677}"
EndProject
Global
	GlobalSection(SolutionConfigurationPlatforms) = preSolution
		Debug|Any CPU = Debug|Any CPU
		Release|Any CPU = Release|Any CPU
	EndGlobalSection
	GlobalSection(ProjectConfigurationPlatforms) = postSolution
		{590A4B59-825F-4521-AFBB-F867EE62C677}.Debug|Any CPU.ActiveCfg = Debug|Any CPU
		{590A4B59-825F-4521-AFBB-F867EE62C677}.Debug|Any CPU.Build.0 = Debug|Any CPU
		{590A4B59-825F-4521-AFBB-F867EE62C677}.Release|Any CPU.ActiveCfg = Release|Any CPU
		{590A4B59-825F-4521-AFBB-F867EE62C677}.Release|Any CPU.Build.0 = Release|Any CPU
	EndGlobalSection
	GlobalSection(SolutionProperties) = preSolution
		HideSolutionNode = FALSE
	EndGlobalSection
	GlobalSection(ExtensibilityGlobals) = postSolution
		SolutionGuid = {01BB7937-06A5-4C58-BAF1-7BACE7E4390E}
	EndGlobalSection
EndGlobal
